
Microsoft Visual Studio Solution File, Format Version 12.00
Project("{FAE04EC0-301F-11D3-BF4B-00C04F79EFBC}") = "Lab2", "Lab2.csproj", "{6ED9FC69-4370-4A53-9A95-EFCF458C8900}"
EndProject
Global
	GlobalSection(SolutionConfigurationPlatforms) = preSolution
		Debug|Any CPU = Debug|Any CPU
		Release|Any CPU = Release|Any CPU
	EndGlobalSection
	GlobalSection(ProjectConfigurationPlatforms) = postSolution
		{6ED9FC69-4370-4A53-9A95-EFCF458C8900}.Debug|Any CPU.ActiveCfg = Debug|Any CPU
		{6ED9FC69-4370-4A53-9A95-EFCF458C8900}.Debug|Any CPU.Build.0 = Debug|Any CPU
		{6ED9FC69-4370-4A53-9A95-EFCF458C8900}.Release|Any CPU.ActiveCfg = Release|Any CPU
		{6ED9FC69-4370-4A53-9A95-EFCF458C8900}.Release|Any CPU.Build.0 = Release|Any CPU
	EndGlobalSection
EndGlobal
